# This file is automatically @generated by Cargo.
# It is not intended for manual editing.
[[package]]
name = "ansi_term"
version = "0.11.0"
source = "registry+https://github.com/rust-lang/crates.io-index"
dependencies = [
 "winapi 0.3.8 (registry+https://github.com/rust-lang/crates.io-index)",
]

[[package]]
name = "atty"
version = "0.2.13"
source = "registry+https://github.com/rust-lang/crates.io-index"
dependencies = [
 "libc 0.2.62 (registry+https://github.com/rust-lang/crates.io-index)",
 "winapi 0.3.8 (registry+https://github.com/rust-lang/crates.io-index)",
]

[[package]]
name = "bitflags"
version = "1.1.0"
source = "registry+https://github.com/rust-lang/crates.io-index"

[[package]]
name = "clap"
version = "2.33.0"
source = "registry+https://github.com/rust-lang/crates.io-index"
dependencies = [
 "ansi_term 0.11.0 (registry+https://github.com/rust-lang/crates.io-index)",
 "atty 0.2.13 (registry+https://github.com/rust-lang/crates.io-index)",
 "bitflags 1.1.0 (registry+https://github.com/rust-lang/crates.io-index)",
 "strsim 0.8.0 (registry+https://github.com/rust-lang/crates.io-index)",
 "textwrap 0.11.0 (registry+https://github.com/rust-lang/crates.io-index)",
 "unicode-width 0.1.6 (registry+https://github.com/rust-lang/crates.io-index)",
 "vec_map 0.8.1 (registry+https://github.com/rust-lang/crates.io-index)",
]

[[package]]
name = "crossterm"
version = "0.10.2"
source = "registry+https://github.com/rust-lang/crates.io-index"
dependencies = [
 "crossterm_cursor 0.2.6 (registry+https://github.com/rust-lang/crates.io-index)",
 "crossterm_input 0.3.9 (registry+https://github.com/rust-lang/crates.io-index)",
 "crossterm_screen 0.2.5 (registry+https://github.com/rust-lang/crates.io-index)",
 "crossterm_style 0.4.1 (registry+https://github.com/rust-lang/crates.io-index)",
 "crossterm_terminal 0.2.6 (registry+https://github.com/rust-lang/crates.io-index)",
 "crossterm_utils 0.2.4 (registry+https://github.com/rust-lang/crates.io-index)",
]

[[package]]
name = "crossterm_cursor"
version = "0.2.6"
source = "registry+https://github.com/rust-lang/crates.io-index"
dependencies = [
 "crossterm_utils 0.2.4 (registry+https://github.com/rust-lang/crates.io-index)",
 "crossterm_winapi 0.1.5 (registry+https://github.com/rust-lang/crates.io-index)",
 "winapi 0.3.8 (registry+https://github.com/rust-lang/crates.io-index)",
]

[[package]]
name = "crossterm_input"
version = "0.3.9"
source = "registry+https://github.com/rust-lang/crates.io-index"
dependencies = [
 "crossterm_screen 0.2.5 (registry+https://github.com/rust-lang/crates.io-index)",
 "crossterm_utils 0.2.4 (registry+https://github.com/rust-lang/crates.io-index)",
 "crossterm_winapi 0.1.5 (registry+https://github.com/rust-lang/crates.io-index)",
 "libc 0.2.62 (registry+https://github.com/rust-lang/crates.io-index)",
 "winapi 0.3.8 (registry+https://github.com/rust-lang/crates.io-index)",
]

[[package]]
name = "crossterm_screen"
version = "0.2.5"
source = "registry+https://github.com/rust-lang/crates.io-index"
dependencies = [
 "crossterm_utils 0.2.4 (registry+https://github.com/rust-lang/crates.io-index)",
 "crossterm_winapi 0.1.5 (registry+https://github.com/rust-lang/crates.io-index)",
 "winapi 0.3.8 (registry+https://github.com/rust-lang/crates.io-index)",
]

[[package]]
name = "crossterm_style"
version = "0.4.1"
source = "registry+https://github.com/rust-lang/crates.io-index"
dependencies = [
 "crossterm_utils 0.2.4 (registry+https://github.com/rust-lang/crates.io-index)",
 "crossterm_winapi 0.1.5 (registry+https://github.com/rust-lang/crates.io-index)",
 "winapi 0.3.8 (registry+https://github.com/rust-lang/crates.io-index)",
]

[[package]]
name = "crossterm_terminal"
version = "0.2.6"
source = "registry+https://github.com/rust-lang/crates.io-index"
dependencies = [
 "crossterm_cursor 0.2.6 (registry+https://github.com/rust-lang/crates.io-index)",
 "crossterm_utils 0.2.4 (registry+https://github.com/rust-lang/crates.io-index)",
 "crossterm_winapi 0.1.5 (registry+https://github.com/rust-lang/crates.io-index)",
 "libc 0.2.62 (registry+https://github.com/rust-lang/crates.io-index)",
]

[[package]]
name = "crossterm_utils"
version = "0.2.4"
source = "registry+https://github.com/rust-lang/crates.io-index"
dependencies = [
 "crossterm_winapi 0.1.5 (registry+https://github.com/rust-lang/crates.io-index)",
 "libc 0.2.62 (registry+https://github.com/rust-lang/crates.io-index)",
 "winapi 0.3.8 (registry+https://github.com/rust-lang/crates.io-index)",
]

[[package]]
name = "crossterm_winapi"
version = "0.1.5"
source = "registry+https://github.com/rust-lang/crates.io-index"
dependencies = [
 "winapi 0.3.8 (registry+https://github.com/rust-lang/crates.io-index)",
]

[[package]]
name = "glint"
version = "0.1.3"
dependencies = [
 "clap 2.33.0 (registry+https://github.com/rust-lang/crates.io-index)",
 "crossterm 0.10.2 (registry+https://github.com/rust-lang/crates.io-index)",
 "unic-segment 0.9.0 (registry+https://github.com/rust-lang/crates.io-index)",
]

[[package]]
name = "libc"
version = "0.2.62"
source = "registry+https://github.com/rust-lang/crates.io-index"

[[package]]
name = "strsim"
version = "0.8.0"
source = "registry+https://github.com/rust-lang/crates.io-index"

[[package]]
name = "textwrap"
version = "0.11.0"
source = "registry+https://github.com/rust-lang/crates.io-index"
dependencies = [
 "unicode-width 0.1.6 (registry+https://github.com/rust-lang/crates.io-index)",
]

[[package]]
name = "unic-char-property"
version = "0.9.0"
source = "registry+https://github.com/rust-lang/crates.io-index"
dependencies = [
 "unic-char-range 0.9.0 (registry+https://github.com/rust-lang/crates.io-index)",
]

[[package]]
name = "unic-char-range"
version = "0.9.0"
source = "registry+https://github.com/rust-lang/crates.io-index"

[[package]]
name = "unic-common"
version = "0.9.0"
source = "registry+https://github.com/rust-lang/crates.io-index"

[[package]]
name = "unic-segment"
version = "0.9.0"
source = "registry+https://github.com/rust-lang/crates.io-index"
dependencies = [
 "unic-ucd-segment 0.9.0 (registry+https://github.com/rust-lang/crates.io-index)",
]

[[package]]
name = "unic-ucd-segment"
version = "0.9.0"
source = "registry+https://github.com/rust-lang/crates.io-index"
dependencies = [
 "unic-char-property 0.9.0 (registry+https://github.com/rust-lang/crates.io-index)",
 "unic-char-range 0.9.0 (registry+https://github.com/rust-lang/crates.io-index)",
 "unic-ucd-version 0.9.0 (registry+https://github.com/rust-lang/crates.io-index)",
]

[[package]]
name = "unic-ucd-version"
version = "0.9.0"
source = "registry+https://github.com/rust-lang/crates.io-index"
dependencies = [
 "unic-common 0.9.0 (registry+https://github.com/rust-lang/crates.io-index)",
]

[[package]]
name = "unicode-width"
version = "0.1.6"
source = "registry+https://github.com/rust-lang/crates.io-index"

[[package]]
name = "vec_map"
version = "0.8.1"
source = "registry+https://github.com/rust-lang/crates.io-index"

[[package]]
name = "winapi"
version = "0.3.8"
source = "registry+https://github.com/rust-lang/crates.io-index"
dependencies = [
 "winapi-i686-pc-windows-gnu 0.4.0 (registry+https://github.com/rust-lang/crates.io-index)",
 "winapi-x86_64-pc-windows-gnu 0.4.0 (registry+https://github.com/rust-lang/crates.io-index)",
]

[[package]]
name = "winapi-i686-pc-windows-gnu"
version = "0.4.0"
source = "registry+https://github.com/rust-lang/crates.io-index"

[[package]]
name = "winapi-x86_64-pc-windows-gnu"
version = "0.4.0"
source = "registry+https://github.com/rust-lang/crates.io-index"

[metadata]
"checksum ansi_term 0.11.0 (registry+https://github.com/rust-lang/crates.io-index)" = "ee49baf6cb617b853aa8d93bf420db2383fab46d314482ca2803b40d5fde979b"
"checksum atty 0.2.13 (registry+https://github.com/rust-lang/crates.io-index)" = "1803c647a3ec87095e7ae7acfca019e98de5ec9a7d01343f611cf3152ed71a90"
"checksum bitflags 1.1.0 (registry+https://github.com/rust-lang/crates.io-index)" = "3d155346769a6855b86399e9bc3814ab343cd3d62c7e985113d46a0ec3c281fd"
"checksum clap 2.33.0 (registry+https://github.com/rust-lang/crates.io-index)" = "5067f5bb2d80ef5d68b4c87db81601f0b75bca627bc2ef76b141d7b846a3c6d9"
"checksum crossterm 0.10.2 (registry+https://github.com/rust-lang/crates.io-index)" = "9abce7d7c50e9823ea0c0dbeb8f16d7e247af06d75b4c6244ea0a0998b3a6f35"
"checksum crossterm_cursor 0.2.6 (registry+https://github.com/rust-lang/crates.io-index)" = "fb4bfd085f17d83e6cd2943f0150d3b4331e465de8dba1750d1966192faf63dc"
"checksum crossterm_input 0.3.9 (registry+https://github.com/rust-lang/crates.io-index)" = "c6dd255ca05a596bae31ec392fdb67a829509bb767213f00f37c6b62814db663"
"checksum crossterm_screen 0.2.5 (registry+https://github.com/rust-lang/crates.io-index)" = "0bf294484fc34c22d514c41afc0b97ce74e10ea54d6eb5fe4806d1e1ac0f7b76"
"checksum crossterm_style 0.4.1 (registry+https://github.com/rust-lang/crates.io-index)" = "8b950f8262e29a446a8a976e0290b67a9067ddc9620f9fb37961d2377f0d8c09"
"checksum crossterm_terminal 0.2.6 (registry+https://github.com/rust-lang/crates.io-index)" = "db8546b519e0c26aa1f43a4a4ea45ccb41eaca74b9a753ea1788f9ad90212636"
"checksum crossterm_utils 0.2.4 (registry+https://github.com/rust-lang/crates.io-index)" = "f874a71b2040c730669ddff805c9bc2a1a2f6de9d7f6aab2ae8d29ccbf8a0617"
"checksum crossterm_winapi 0.1.5 (registry+https://github.com/rust-lang/crates.io-index)" = "b055e7cc627c452e6a9b977022f48a2db6f0ff73df446ca970f95eef9c381d45"
"checksum libc 0.2.62 (registry+https://github.com/rust-lang/crates.io-index)" = "34fcd2c08d2f832f376f4173a231990fa5aef4e99fb569867318a227ef4c06ba"
"checksum strsim 0.8.0 (registry+https://github.com/rust-lang/crates.io-index)" = "8ea5119cdb4c55b55d432abb513a0429384878c15dde60cc77b1c99de1a95a6a"
"checksum textwrap 0.11.0 (registry+https://github.com/rust-lang/crates.io-index)" = "d326610f408c7a4eb6f51c37c330e496b08506c9457c9d34287ecc38809fb060"
"checksum unic-char-property 0.9.0 (registry+https://github.com/rust-lang/crates.io-index)" = "a8c57a407d9b6fa02b4795eb81c5b6652060a15a7903ea981f3d723e6c0be221"
"checksum unic-char-range 0.9.0 (registry+https://github.com/rust-lang/crates.io-index)" = "0398022d5f700414f6b899e10b8348231abf9173fa93144cbc1a43b9793c1fbc"
"checksum unic-common 0.9.0 (registry+https://github.com/rust-lang/crates.io-index)" = "80d7ff825a6a654ee85a63e80f92f054f904f21e7d12da4e22f9834a4aaa35bc"
"checksum unic-segment 0.9.0 (registry+https://github.com/rust-lang/crates.io-index)" = "e4ed5d26be57f84f176157270c112ef57b86debac9cd21daaabbe56db0f88f23"
"checksum unic-ucd-segment 0.9.0 (registry+https://github.com/rust-lang/crates.io-index)" = "2079c122a62205b421f499da10f3ee0f7697f012f55b675e002483c73ea34700"
"checksum unic-ucd-version 0.9.0 (registry+https://github.com/rust-lang/crates.io-index)" = "96bd2f2237fe450fcd0a1d2f5f4e91711124f7857ba2e964247776ebeeb7b0c4"
"checksum unicode-width 0.1.6 (registry+https://github.com/rust-lang/crates.io-index)" = "7007dbd421b92cc6e28410fe7362e2e0a2503394908f417b68ec8d1c364c4e20"
"checksum vec_map 0.8.1 (registry+https://github.com/rust-lang/crates.io-index)" = "05c78687fb1a80548ae3250346c3db86a80a7cdd77bda190189f2d0a0987c81a"
"checksum winapi 0.3.8 (registry+https://github.com/rust-lang/crates.io-index)" = "8093091eeb260906a183e6ae1abdba2ef5ef2257a21801128899c3fc699229c6"
"checksum winapi-i686-pc-windows-gnu 0.4.0 (registry+https://github.com/rust-lang/crates.io-index)" = "ac3b87c63620426dd9b991e5ce0329eff545bccbbb34f3be09ff6fb6ab51b7b6"
"checksum winapi-x86_64-pc-windows-gnu 0.4.0 (registry+https://github.com/rust-lang/crates.io-index)" = "712e227841d057c1ee1cd2fb22fa7e5a5461ae8e48fa2ca79ec42cfc1931183f"
